# This file is automatically @generated by Poetry 2.2.1 and should not be changed by hand.

[[package]]
name = "base58"
version = "2.1.1"
description = "Base58 and Base58Check implementation."
optional = false
python-versions = ">=3.5"
groups = ["main"]
files = [
    {file = "base58-2.1.1-py3-none-any.whl", hash = "sha256:11a36f4d3ce51dfc1043f3218591ac4eb1ceb172919cebe05b52a5bcc8d245c2"},
    {file = "base58-2.1.1.tar.gz", hash = "sha256:c5d0cb3f5b6e81e8e35da5754388ddcc6d0d14b6c6a132cb93d69ed580a7278c"},
]

[package.extras]
tests = ["PyHamcrest (>=2.0.2)", "mypy", "pytest (>=4.6)", "pytest-benchmark", "pytest-cov", "pytest-flake8"]

[[package]]
name = "blake3"
version = "1.0.8"
description = "Python bindings for the Rust blake3 crate"
optional = false
python-versions = ">=3.8"
groups = ["main"]
files = [
    {file = "blake3-1.0.8-cp310-cp310-macosx_10_12_x86_64.whl", hash = "sha256:8956bb9aec47b6c37ccce935a943588f1f5e6e2e85d43bb7cb76a574238f8a9b"},
    {file = "blake3-1.0.8-cp310-cp310-macosx_11_0_arm64.whl", hash = "sha256:7adbbee5dd0c302218eb8acdfd82b7006930eb5798f56f79f9cca89f6f192662"},
    {file = "blake3-1.0.8-cp310-cp310-manylinux_2_17_aarch64.manylinux2014_aarch64.whl", hash = "sha256:859cd57bac097a2cd63cb36d64c2f6f16c9edece5590f929e70157478e46dc9e"},
    {file = "blake3-1.0.8-cp310-cp310-manylinux_2_17_armv7l.manylinux2014_armv7l.whl", hash = "sha256:9e1d70bf76c02846d0868a3d413eb6c430b76a315e12f1b2e59b5cf56c1f62a3"},
    {file = "blake3-1.0.8-cp310-cp310-manylinux_2_17_i686.manylinux2014_i686.whl", hash = "sha256:d3fe26f145fcb82931d1820b55c0279f72f8f8e49450dd9d74efbfd409b28423"},
    {file = "blake3-1.0.8-cp310-cp310-manylinux_2_17_ppc64le.manylinux2014_ppc64le.whl", hash = "sha256:97c076d58ee37eb5b2d8d91bb9db59c5a008fd59c71845dc57fe438aeeabaf10"},
    {file = "blake3-1.0.8-cp310-cp310-manylinux_2_17_s390x.manylinux2014_s390x.whl", hash = "sha256:78731ce7fca46f776ae45fb5271a2a76c4a92c9687dd4337e84b2ae9a174b28f"},
    {file = "blake3-1.0.8-cp310-cp310-manylinux_2_17_x86_64.manylinux2014_x86_64.whl", hash = "sha256:c65e373c8b47174b969ee61a89ee56922f722972eb650192845c8546df8d9db9"},
    {file = "blake3-1.0.8-cp310-cp310-musllinux_1_1_aarch64.whl", hash = "sha256:db54946792d2b8c6fa4be73e6e334519f13c1b52e7ff346b3e2ec8ad3eb59401"},
    {file = "blake3-1.0.8-cp310-cp310-musllinux_1_1_x86_64.whl", hash = "sha256:67d9c42c42eb1c7aedcf901591c743266009fcf48babf6d6f8450f567cb94a84"},
    {file = "blake3-1.0.8-cp310-cp310-win32.whl", hash = "sha256:444215a1e5201f8fa4e5c7352e938a7070cd33d66aeb1dd9b1103a64b6920f9e"},
    {file = "blake3-1.0.8-cp310-cp310-win_amd64.whl", hash = "sha256:725c52c4d393c7bd1a10682df322d480734002a1389b320366c660568708846b"},
    {file = "blake3-1.0.8-cp311-cp311-macosx_10_12_x86_64.whl", hash = "sha256:9a8946cb6b1d2b2096daaaa89856f39887bce2b78503fa31b78173e3a86fa281"},
    {file = "blake3-1.0.8-cp311-cp311-macosx_11_0_arm64.whl", hash = "sha256:adccc3a139207e02bb7d7bb0715fe0b87069685aad5f3afff820b2f829467904"},
    {file = "blake3-1.0.8-cp311-cp311-manylinux_2_17_aarch64.manylinux2014_aarch64.whl", hash = "sha256:7fcfe81b3ae3fb5d2e88be0d3259603ff95f0d5ed69f655c28fdaef31e49a470"},
    {file = "blake3-1.0.8-cp311-cp311-manylinux_2_17_armv7l.manylinux2014_armv7l.whl", hash = "sha256:58ce8d45a5bb5326482de72ea1969a378634236186a970fef63058a5b7b8b435"},
    {file = "blake3-1.0.8-cp311-cp311-manylinux_2_17_i686.manylinux2014_i686.whl", hash = "sha256:83605dbf43f581d8b7175b7f3bfe5388bad5a7c6ac175c9c11d669da31133f4b"},
    {file = "blake3-1.0.8-cp311-cp311-manylinux_2_17_ppc64le.manylinux2014_ppc64le.whl", hash = "sha256:3b5573b052777142b2cecc453d022c3f21aa4aba75011258410bb98f41c1a727"},
    {file = "blake3-1.0.8-cp311-cp311-manylinux_2_17_s390x.manylinux2014_s390x.whl", hash = "sha256:fe1b02ab49bfd969ef50b9f17482a2011c77536654af21807ba5c2674e0bb2a0"},
    {file = "blake3-1.0.8-cp311-cp311-manylinux_2_17_x86_64.manylinux2014_x86_64.whl", hash = "sha256:c7780666dc6be809b49442d6d5ce06fdbe33024a87560b58471103ec17644682"},
    {file = "blake3-1.0.8-cp311-cp311-musllinux_1_1_aarch64.whl", hash = "sha256:af394b50c6aa0b1b957a99453d1ee440ef67cd2d1b5669c731647dc723de8a3a"},
    {file = "blake3-1.0.8-cp311-cp311-musllinux_1_1_x86_64.whl", hash = "sha256:c63ece266a43014cf29e772a82857cd8e90315ae3ed53e3c5204851596edd5f2"},
    {file = "blake3-1.0.8-cp311-cp311-win32.whl", hash = "sha256:44c2815d4616fad7e2d757d121c0a11780f70ffc817547b3059b5c7e224031a7"},
    {file = "blake3-1.0.8-cp311-cp311-win_amd64.whl", hash = "sha256:8f2ef8527a7a8afd99b16997d015851ccc0fe2a409082cebb980af2554e5c74c"},
    {file = "blake3-1.0.8-cp312-cp312-macosx_10_12_x86_64.whl", hash = "sha256:d8da4233984d51471bd4e4366feda1d90d781e712e0a504ea54b1f2b3577557b"},
    {file = "blake3-1.0.8-cp312-cp312-macosx_11_0_arm64.whl", hash = "sha256:1257be19f2d381c868a34cc822fc7f12f817ddc49681b6d1a2790bfbda1a9865"},
    {file = "blake3-1.0.8-cp312-cp312-manylinux_2_17_aarch64.manylinux2014_aarch64.whl", hash = "sha256:269f255b110840e52b6ce9db02217e39660ebad3e34ddd5bca8b8d378a77e4e1"},
    {file = "blake3-1.0.8-cp312-cp312-manylinux_2_17_armv7l.manylinux2014_armv7l.whl", hash = "sha256:66ca28a673025c40db3eba21a9cac52f559f83637efa675b3f6bd8683f0415f3"},
    {file = "blake3-1.0.8-cp312-cp312-manylinux_2_17_i686.manylinux2014_i686.whl", hash = "sha256:bcb04966537777af56c1f399b35525aa70a1225816e121ff95071c33c0f7abca"},
    {file = "blake3-1.0.8-cp312-cp312-manylinux_2_17_ppc64le.manylinux2014_ppc64le.whl", hash = "sha256:e5b5da177d62cc4b7edf0cea08fe4dec960c9ac27f916131efa890a01f747b93"},
    {file = "blake3-1.0.8-cp312-cp312-manylinux_2_17_s390x.manylinux2014_s390x.whl", hash = "sha256:38209b10482c97e151681ea3e91cc7141f56adbbf4820a7d701a923124b41e6a"},
    {file = "blake3-1.0.8-cp312-cp312-manylinux_2_17_x86_64.manylinux2014_x86_64.whl", hash = "sha256:504d1399b7fb91dfe5c25722d2807990493185faa1917456455480c36867adb5"},
    {file = "blake3-1.0.8-cp312-cp312-musllinux_1_1_aarch64.whl", hash = "sha256:c84af132aa09abeadf9a0118c8fb26f4528f3f42c10ef8be0fcf31c478774ec4"},
    {file = "blake3-1.0.8-cp312-cp312-musllinux_1_1_x86_64.whl", hash = "sha256:a25db3d36b55f5ed6a86470155cc749fc9c5b91c949b8d14f48658f9d960d9ec"},
    {file = "blake3-1.0.8-cp312-cp312-win32.whl", hash = "sha256:e0fee93d5adcd44378b008c147e84f181f23715307a64f7b3db432394bbfce8b"},
    {file = "blake3-1.0.8-cp312-cp312-win_amd64.whl", hash = "sha256:6a6eafc29e4f478d365a87d2f25782a521870c8514bb43734ac85ae9be71caf7"},
    {file = "blake3-1.0.8-cp313-cp313-macosx_10_12_x86_64.whl", hash = "sha256:46dc20976bd6c235959ef0246ec73420d1063c3da2839a9c87ca395cf1fd7943"},
    {file = "blake3-1.0.8-cp313-cp313-macosx_11_0_arm64.whl", hash = "sha256:d17eb6382634b3a5bc0c0e0454d5265b0becaeeadb6801ed25150b39a999d0cc"},
    {file = "blake3-1.0.8-cp313-cp313-manylinux_2_17_aarch64.manylinux2014_aarch64.whl", hash = "sha256:19fc6f2b7edab8acff6895fc6e38c19bd79f4c089e21153020c75dfc7397d52d"},
    {file = "blake3-1.0.8-cp313-cp313-manylinux_2_17_armv7l.manylinux2014_armv7l.whl", hash = "sha256:4f54cff7f15d91dc78a63a2dd02a3dccdc932946f271e2adb4130e0b4cf608ba"},
    {file = "blake3-1.0.8-cp313-cp313-manylinux_2_17_i686.manylinux2014_i686.whl", hash = "sha256:e7e12a777f6b798eb8d06f875d6e108e3008bd658d274d8c676dcf98e0f10537"},
    {file = "blake3-1.0.8-cp313-cp313-manylinux_2_17_ppc64le.manylinux2014_ppc64le.whl", hash = "sha256:ddfc59b0176fb31168f08d5dd536e69b1f4f13b5a0f4b0c3be1003efd47f9308"},
    {file = "blake3-1.0.8-cp313-cp313-manylinux_2_17_s390x.manylinux2014_s390x.whl", hash = "sha256:a2336d5b2a801a7256da21150348f41610a6c21dae885a3acb1ebbd7333d88d8"},
    {file = "blake3-1.0.8-cp313-cp313-manylinux_2_17_x86_64.manylinux2014_x86_64.whl", hash = "sha256:e4072196547484c95a5a09adbb952e9bb501949f03f9e2a85e7249ef85faaba8"},
    {file = "blake3-1.0.8-cp313-cp313-musllinux_1_1_aarch64.whl", hash = "sha256:0eab3318ec02f8e16fe549244791ace2ada2c259332f0c77ab22cf94dfff7130"},
    {file = "blake3-1.0.8-cp313-cp313-musllinux_1_1_x86_64.whl", hash = "sha256:a33b9a1fb6d1d559a8e0d04b041e99419a6bb771311c774f6ff57ed7119c70ed"},
    {file = "blake3-1.0.8-cp313-cp313-win32.whl", hash = "sha256:e171b169cb7ea618e362a4dddb7a4d4c173bbc08b9ba41ea3086dd1265530d4f"},
    {file = "blake3-1.0.8-cp313-cp313-win_amd64.whl", hash = "sha256:3168c457255b5d2a2fc356ba696996fcaff5d38284f968210d54376312107662"},
    {file = "blake3-1.0.8-cp313-cp313t-macosx_10_12_x86_64.whl", hash = "sha256:b4d672c24dc15ec617d212a338a4ca14b449829b6072d09c96c63b6e6b621aed"},
    {file = "blake3-1.0.8-cp313-cp313t-macosx_11_0_arm64.whl", hash = "sha256:1af0e5a29aa56d4fba904452ae784740997440afd477a15e583c38338e641f41"},
    {file = "blake3-1.0.8-cp313-cp313t-manylinux_2_17_aarch64.manylinux2014_aarch64.whl", hash = "sha256:ef153c5860d5bf1cc71aece69b28097d2a392913eb323d6b52555c875d0439fc"},
    {file = "blake3-1.0.8-cp313-cp313t-manylinux_2_17_armv7l.manylinux2014_armv7l.whl", hash = "sha256:e8ae3689f0c7bfa6ce6ae45cab110e4c3442125c4c23b28f1f097856de26e4d1"},
    {file = "blake3-1.0.8-cp313-cp313t-manylinux_2_17_i686.manylinux2014_i686.whl", hash = "sha256:3fb83532f7456ddeb68dae1b36e1f7c52f9cb72852ac01159bbcb1a12b0f8be0"},
    {file = "blake3-1.0.8-cp313-cp313t-manylinux_2_17_ppc64le.manylinux2014_ppc64le.whl", hash = "sha256:6ae7754c7d96e92a70a52e07c732d594cf9924d780f49fffd3a1e9235e0f5ba7"},
    {file = "blake3-1.0.8-cp313-cp313t-manylinux_2_17_s390x.manylinux2014_s390x.whl", hash = "sha256:4bacaae75e98dee3b7da6c5ee3b81ee21a3352dd2477d6f1d1dbfd38cdbf158a"},
    {file = "blake3-1.0.8-cp313-cp313t-manylinux_2_17_x86_64.manylinux2014_x86_64.whl", hash = "sha256:9456c829601d72852d8ba0af8dae0610f7def1d59f5942efde1e2ef93e8a8b57"},
    {file = "blake3-1.0.8-cp313-cp313t-musllinux_1_1_aarch64.whl", hash = "sha256:497ef8096ec4ac1ffba9a66152cee3992337cebf8ea434331d8fd9ce5423d227"},
    {file = "blake3-1.0.8-cp313-cp313t-musllinux_1_1_x86_64.whl", hash = "sha256:511133bab85ff60ed143424ce484d08c60894ff7323f685d7a6095f43f0c85c3"},
    {file = "blake3-1.0.8-cp313-cp313t-win32.whl", hash = "sha256:9c9fbdacfdeb68f7ca53bb5a7a5a593ec996eaf21155ad5b08d35e6f97e60877"},
    {file = "blake3-1.0.8-cp313-cp313t-win_amd64.whl", hash = "sha256:3cec94ed5676821cf371e9c9d25a41b4f3ebdb5724719b31b2749653b7cc1dfa"},
    {file = "blake3-1.0.8-cp314-cp314-macosx_10_12_x86_64.whl", hash = "sha256:2c33dac2c6112bc23f961a7ca305c7e34702c8177040eb98d0389d13a347b9e1"},
    {file = "blake3-1.0.8-cp314-cp314-macosx_11_0_arm64.whl", hash = "sha256:c445eff665d21c3b3b44f864f849a2225b1164c08654beb23224a02f087b7ff1"},
    {file = "blake3-1.0.8-cp314-cp314-manylinux_2_17_aarch64.manylinux2014_aarch64.whl", hash = "sha256:a47939f04b89c5c6ff1e51e883e5efab1ea1bf01a02f4d208d216dddd63d0dd8"},
    {file = "blake3-1.0.8-cp314-cp314-manylinux_2_17_armv7l.manylinux2014_armv7l.whl", hash = "sha256:73e0b4fa25f6e3078526a592fb38fca85ef204fd02eced6731e1cdd9396552d4"},
    {file = "blake3-1.0.8-cp314-cp314-manylinux_2_17_i686.manylinux2014_i686.whl", hash = "sha256:4b0543c57eb9d6dac9d4bced63e9f7f7b546886ac04cec8da3c3d9c8f30cbbb7"},
    {file = "blake3-1.0.8-cp314-cp314-manylinux_2_17_ppc64le.manylinux2014_ppc64le.whl", hash = "sha256:ed972ebd553c0c25363459e9fc71a38c045d8419e365b59acd8cd791eff13981"},
    {file = "blake3-1.0.8-cp314-cp314-manylinux_2_17_s390x.manylinux2014_s390x.whl", hash = "sha256:3bafdec95dfffa3f6571e529644744e280337df15ddd9728f224ba70c5779b23"},
    {file = "blake3-1.0.8-cp314-cp314-manylinux_2_17_x86_64.manylinux2014_x86_64.whl", hash = "sha256:2d78f06f3fb838b34c330e2987090376145cbe5944d8608a0c4779c779618f7b"},
    {file = "blake3-1.0.8-cp314-cp314-musllinux_1_1_aarch64.whl", hash = "sha256:dd03ff08d1b6e4fdda1cd03826f971ae8966ef6f683a8c68aa27fb21904b5aa9"},
    {file = "blake3-1.0.8-cp314-cp314-musllinux_1_1_x86_64.whl", hash = "sha256:4e02a3c499e35bf51fc15b2738aca1a76410804c877bcd914752cac4f71f052a"},
    {file = "blake3-1.0.8-cp314-cp314-win32.whl", hash = "sha256:a585357d5d8774aad9ffc12435de457f9e35cde55e0dc8bc43ab590a6929e59f"},
    {file = "blake3-1.0.8-cp314-cp314-win_amd64.whl", hash = "sha256:9ab5998e2abd9754819753bc2f1cf3edf82d95402bff46aeef45ed392a5468bf"},
    {file = "blake3-1.0.8-cp314-cp314t-macosx_10_12_x86_64.whl", hash = "sha256:e2df12f295f95a804338bd300e8fad4a6f54fd49bd4d9c5893855a230b5188a8"},
    {file = "blake3-1.0.8-cp314-cp314t-macosx_11_0_arm64.whl", hash = "sha256:63379be58438878eeb76ebe4f0efbeaabf42b79f2cff23b6126b7991588ced67"},
    {file = "blake3-1.0.8-cp314-cp314t-manylinux_2_17_aarch64.manylinux2014_aarch64.whl", hash = "sha256:88d527c247f9609dc1d45a08fd243e39f0d5300d54c57e048de24d4fa9240ebb"},
    {file = "blake3-1.0.8-cp314-cp314t-manylinux_2_17_armv7l.manylinux2014_armv7l.whl", hash = "sha256:506a47897a11ebe8f3cdeb52f1365d6a2f83959e98ccb0c830f8f73277d4d358"},
    {file = "blake3-1.0.8-cp314-cp314t-manylinux_2_17_i686.manylinux2014_i686.whl", hash = "sha256:e5122a61b3b004bbbd979bdf83a3aaab432da3e2a842d7ddf1c273f2503b4884"},
    {file = "blake3-1.0.8-cp314-cp314t-manylinux_2_17_ppc64le.manylinux2014_ppc64le.whl", hash = "sha256:0171e85d56dec1219abdae5f49a0ed12cb3f86a454c29160a64fd8a8166bba37"},
    {file = "blake3-1.0.8-cp314-cp314t-manylinux_2_17_s390x.manylinux2014_s390x.whl", hash = "sha256:003f61e8c41dd9931edddf1cc6a1bb680fb2ac0ad15493ef4a1df9adc59ce9df"},
    {file = "blake3-1.0.8-cp314-cp314t-manylinux_2_17_x86_64.manylinux2014_x86_64.whl", hash = "sha256:d2c3151955efb09ba58cd3e1263521e15e9e3866a40d6bd3556d86fc968e8f95"},
    {file = "blake3-1.0.8-cp314-cp314t-musllinux_1_1_aarch64.whl", hash = "sha256:5eb25bca3cee2e0dd746a214784fb36be6a43640c01c55b6b4e26196e72d076c"},
    {file = "blake3-1.0.8-cp314-cp314t-musllinux_1_1_x86_64.whl", hash = "sha256:ab4e1dea4fa857944944db78e8f20d99ee2e16b2dea5a14f514fb0607753ac83"},
    {file = "blake3-1.0.8-cp314-cp314t-win32.whl", hash = "sha256:67f1bc11bf59464ef092488c707b13dd4e872db36e25c453dfb6e0c7498df9f1"},
    {file = "blake3-1.0.8-cp314-cp314t-win_amd64.whl", hash = "sha256:421b99cdf1ff2d1bf703bc56c454f4b286fce68454dd8711abbcb5a0df90c19a"},
    {file = "blake3-1.0.8-cp38-cp38-macosx_10_12_x86_64.whl", hash = "sha256:af18817da1eb5bd65d068fb9c18235edc328a45b09025346fa65fe52b1b0c9b6"},
    {file = "blake3-1.0.8-cp38-cp38-macosx_11_0_arm64.whl", hash = "sha256:add39ffa9e5074264f12ab409cdf059bc967817644b455e3fad46139001cc108"},
    {file = "blake3-1.0.8-cp38-cp38-manylinux_2_17_aarch64.manylinux2014_aarch64.whl", hash = "sha256:b201961c6dcc7123e69fff6019298d9e4394c7e585a300e999664bca8070d83c"},
    {file = "blake3-1.0.8-cp38-cp38-manylinux_2_17_armv7l.manylinux2014_armv7l.whl", hash = "sha256:a5b9196a4768e5475475bdf2010dc76b2792f95805731a645196d180a7e12570"},
    {file = "blake3-1.0.8-cp38-cp38-manylinux_2_17_i686.manylinux2014_i686.whl", hash = "sha256:04b95bcd6c1b61480923adc571ffab377618d170f528f6cf4f6a6fff94e3c309"},
    {file = "blake3-1.0.8-cp38-cp38-manylinux_2_17_ppc64le.manylinux2014_ppc64le.whl", hash = "sha256:ca8bc7e816370118262da11783e1fdf8992f250789ae08e8182fb7c26e14ded0"},
    {file = "blake3-1.0.8-cp38-cp38-manylinux_2_17_s390x.manylinux2014_s390x.whl", hash = "sha256:2bacf9757e93ac376c612dc0d45931a591ea0caf5583ab93d99dd32a2905ec43"},
    {file = "blake3-1.0.8-cp38-cp38-manylinux_2_17_x86_64.manylinux2014_x86_64.whl", hash = "sha256:23e181318f5a62e4e6ce7be0875b4f65543abe47fe48cc4f4e9ab8f2bf9e01c5"},
    {file = "blake3-1.0.8-cp38-cp38-musllinux_1_1_aarch64.whl", hash = "sha256:83347ef28d774e84442c71fc5aa8817498753d47831a533536ead1a7ccd44a41"},
    {file = "blake3-1.0.8-cp38-cp38-musllinux_1_1_x86_64.whl", hash = "sha256:c9ab5ef61aaa6df2f769548a071fddcacbb0f56102a9c48f40878b10ae1a2657"},
    {file = "blake3-1.0.8-cp38-cp38-win32.whl", hash = "sha256:efb1ab89fa47b5acb36f1530c4eb83ae20aaec9ac17808ff014b2650fbc3c7ba"},
    {file = "blake3-1.0.8-cp38-cp38-win_amd64.whl", hash = "sha256:fe61d52da1d102aabb0e315d3fc613c11c103376aa0a8510aeee159939612f76"},
    {file = "blake3-1.0.8-cp39-cp39-macosx_10_12_x86_64.whl", hash = "sha256:119829e13eca177f5626c43f753acc4813eb8ae414c2d70ef7571078177163c7"},
    {file = "blake3-1.0.8-cp39-cp39-macosx_11_0_arm64.whl", hash = "sha256:411f61cb817eb25547b91944301ccfa624ccdc69d70822866d8ad0b0e9e3ca64"},
    {file = "blake3-1.0.8-cp39-cp39-manylinux_2_17_aarch64.manylinux2014_aarch64.whl", hash = "sha256:94b2d4922c75174083988b8b0d2c78e72be7376ac59ab19c3e5d17a7c9c1cc0f"},
    {file = "blake3-1.0.8-cp39-cp39-manylinux_2_17_armv7l.manylinux2014_armv7l.whl", hash = "sha256:53304b6df3f8d826850c1d977d9a69edbf3e48476b95f7cb6175ec650856a3c5"},
    {file = "blake3-1.0.8-cp39-cp39-manylinux_2_17_i686.manylinux2014_i686.whl", hash = "sha256:98915260c378d4c45088f1e227b053834ed95aeca89336184f192489ad0dd5d4"},
    {file = "blake3-1.0.8-cp39-cp39-manylinux_2_17_ppc64le.manylinux2014_ppc64le.whl", hash = "sha256:fc9fc4a0a1a13991b23a589fb6fbb8290bd94a72c130e69e27c9769612516424"},
    {file = "blake3-1.0.8-cp39-cp39-manylinux_2_17_s390x.manylinux2014_s390x.whl", hash = "sha256:0c492630d384fc4400e9860b16e09e0dbe79e960e95b237b9a1ea3f95ea3125d"},
    {file = "blake3-1.0.8-cp39-cp39-manylinux_2_17_x86_64.manylinux2014_x86_64.whl", hash = "sha256:c2682ba10fb3b36fe8a6823be50910f1145a8a5158bc555145fadcc4afb984c3"},
    {file = "blake3-1.0.8-cp39-cp39-musllinux_1_1_aarch64.whl", hash = "sha256:e6cb2316949c614e64f6b7796b9eca28b1b57406d27debc99398a746e9b426c7"},
    {file = "blake3-1.0.8-cp39-cp39-musllinux_1_1_x86_64.whl", hash = "sha256:b37f63c5952b32b5064096141b394ed17569d318637a06a2cae9bfedd852f0ef"},
    {file = "blake3-1.0.8-cp39-cp39-win32.whl", hash = "sha256:f13c25c215c284adca0c07cffae1518cafcac3900f1d45fff51c7e6ab98efec1"},
    {file = "blake3-1.0.8-cp39-cp39-win_amd64.whl", hash = "sha256:c5bfe1a1ada3ed2c715f692ce1a3b221d7f6b4d5e6001d24774ef07de013192c"},
    {file = "blake3-1.0.8.tar.gz", hash = "sha256:513cc7f0f5a7c035812604c2c852a0c1468311345573de647e310aca4ab165ba"},
]

[[package]]
name = "mmh3"
version = "5.2.0"
description = "Python extension for MurmurHash (MurmurHash3), a set of fast and robust hash functions."
optional = false
python-versions = ">=3.9"
groups = ["main"]
files = [
    {file = "mmh3-5.2.0-cp310-cp310-macosx_10_9_universal2.whl", hash = "sha256:81c504ad11c588c8629536b032940f2a359dda3b6cbfd4ad8f74cb24dcd1b0bc"},
    {file = "mmh3-5.2.0-cp310-cp310-macosx_10_9_x86_64.whl", hash = "sha256:0b898cecff57442724a0f52bf42c2de42de63083a91008fb452887e372f9c328"},
    {file = "mmh3-5.2.0-cp310-cp310-macosx_11_0_arm64.whl", hash = "sha256:be1374df449465c9f2500e62eee73a39db62152a8bdfbe12ec5b5c1cd451344d"},
    {file = "mmh3-5.2.0-cp310-cp310-manylinux1_i686.manylinux_2_28_i686.manylinux_2_5_i686.whl", hash = "sha256:b0d753ad566c721faa33db7e2e0eddd74b224cdd3eaf8481d76c926603c7a00e"},
    {file = "mmh3-5.2.0-cp310-cp310-manylinux1_x86_64.manylinux_2_28_x86_64.manylinux_2_5_x86_64.whl", hash = "sha256:dfbead5575f6470c17e955b94f92d62a03dfc3d07f2e6f817d9b93dc211a1515"},
    {file = "mmh3-5.2.0-cp310-cp310-manylinux2014_aarch64.manylinux_2_17_aarch64.manylinux_2_28_aarch64.whl", hash = "sha256:7434a27754049144539d2099a6d2da5d88b8bdeedf935180bf42ad59b3607aa3"},
    {file = "mmh3-5.2.0-cp310-cp310-manylinux2014_ppc64le.manylinux_2_17_ppc64le.manylinux_2_28_ppc64le.whl", hash = "sha256:cadc16e8ea64b5d9a47363013e2bea469e121e6e7cb416a7593aeb24f2ad122e"},
    {file = "mmh3-5.2.0-cp310-cp310-manylinux2014_s390x.manylinux_2_17_s390x.manylinux_2_28_s390x.whl", hash = "sha256:d765058da196f68dc721116cab335e696e87e76720e6ef8ee5a24801af65e63d"},
    {file = "mmh3-5.2.0-cp310-cp310-musllinux_1_2_aarch64.whl", hash = "sha256:8b0c53fe0994beade1ad7c0f13bd6fec980a0664bfbe5a6a7d64500b9ab76772"},
    {file = "mmh3-5.2.0-cp310-cp310-musllinux_1_2_i686.whl", hash = "sha256:49037d417419863b222ae47ee562b2de9c3416add0a45c8d7f4e864be8dc4f89"},
    {file = "mmh3-5.2.0-cp310-cp310-musllinux_1_2_ppc64le.whl", hash = "sha256:6ecb4e750d712abde046858ee6992b65c93f1f71b397fce7975c3860c07365d2"},
    {file = "mmh3-5.2.0-cp310-cp310-musllinux_1_2_s390x.whl", hash = "sha256:382a6bb3f8c6532ea084e7acc5be6ae0c6effa529240836d59352398f002e3fc"},
    {file = "mmh3-5.2.0-cp310-cp310-musllinux_1_2_x86_64.whl", hash = "sha256:7733ec52296fc1ba22e9b90a245c821adbb943e98c91d8a330a2254612726106"},
    {file = "mmh3-5.2.0-cp310-cp310-win32.whl", hash = "sha256:127c95336f2a98c51e7682341ab7cb0be3adb9df0819ab8505a726ed1801876d"},
    {file = "mmh3-5.2.0-cp310-cp310-win_amd64.whl", hash = "sha256:419005f84ba1cab47a77465a2a843562dadadd6671b8758bf179d82a15ca63eb"},
    {file = "mmh3-5.2.0-cp310-cp310-win_arm64.whl", hash = "sha256:d22c9dcafed659fadc605538946c041722b6d1104fe619dbf5cc73b3c8a0ded8"},
    {file = "mmh3-5.2.0-cp311-cp311-macosx_10_9_universal2.whl", hash = "sha256:7901c893e704ee3c65f92d39b951f8f34ccf8e8566768c58103fb10e55afb8c1"},
    {file = "mmh3-5.2.0-cp311-cp311-macosx_10_9_x86_64.whl", hash = "sha256:4a5f5536b1cbfa72318ab3bfc8a8188b949260baed186b75f0abc75b95d8c051"},
    {file = "mmh3-5.2.0-cp311-cp311-macosx_11_0_arm64.whl", hash = "sha256:cedac4f4054b8f7859e5aed41aaa31ad03fce6851901a7fdc2af0275ac533c10"},
    {file = "mmh3-5.2.0-cp311-cp311-manylinux1_i686.manylinux_2_28_i686.manylinux_2_5_i686.whl", hash = "sha256:eb756caf8975882630ce4e9fbbeb9d3401242a72528230422c9ab3a0d278e60c"},
    {file = "mmh3-5.2.0-cp311-cp311-manylinux1_x86_64.manylinux_2_28_x86_64.manylinux_2_5_x86_64.whl", hash = "sha256:097e13c8b8a66c5753c6968b7640faefe85d8e38992703c1f666eda6ef4c3762"},
    {file = "mmh3-5.2.0-cp311-cp311-manylinux2014_aarch64.manylinux_2_17_aarch64.manylinux_2_28_aarch64.whl", hash = "sha256:a7c0c7845566b9686480e6a7e9044db4afb60038d5fabd19227443f0104eeee4"},
    {file = "mmh3-5.2.0-cp311-cp311-manylinux2014_ppc64le.manylinux_2_17_ppc64le.manylinux_2_28_ppc64le.whl", hash = "sha256:61ac226af521a572700f863d6ecddc6ece97220ce7174e311948ff8c8919a363"},
    {file = "mmh3-5.2.0-cp311-cp311-manylinux2014_s390x.manylinux_2_17_s390x.manylinux_2_28_s390x.whl", hash = "sha256:582f9dbeefe15c32a5fa528b79b088b599a1dfe290a4436351c6090f90ddebb8"},
    {file = "mmh3-5.2.0-cp311-cp311-musllinux_1_2_aarch64.whl", hash = "sha256:2ebfc46b39168ab1cd44670a32ea5489bcbc74a25795c61b6d888c5c2cf654ed"},
    {file = "mmh3-5.2.0-cp311-cp311-musllinux_1_2_i686.whl", hash = "sha256:1556e31e4bd0ac0c17eaf220be17a09c171d7396919c3794274cb3415a9d3646"},
    {file = "mmh3-5.2.0-cp311-cp311-musllinux_1_2_ppc64le.whl", hash = "sha256:81df0dae22cd0da87f1c978602750f33d17fb3d21fb0f326c89dc89834fea79b"},
    {file = "mmh3-5.2.0-cp311-cp311-musllinux_1_2_s390x.whl", hash = "sha256:eba01ec3bd4a49b9ac5ca2bc6a73ff5f3af53374b8556fcc2966dd2af9eb7779"},
    {file = "mmh3-5.2.0-cp311-cp311-musllinux_1_2_x86_64.whl", hash = "sha256:e9a011469b47b752e7d20de296bb34591cdfcbe76c99c2e863ceaa2aa61113d2"},
    {file = "mmh3-5.2.0-cp311-cp311-win32.whl", hash = "sha256:bc44fc2b886243d7c0d8daeb37864e16f232e5b56aaec27cc781d848264cfd28"},
    {file = "mmh3-5.2.0-cp311-cp311-win_amd64.whl", hash = "sha256:8ebf241072cf2777a492d0e09252f8cc2b3edd07dfdb9404b9757bffeb4f2cee"},
    {file = "mmh3-5.2.0-cp311-cp311-win_arm64.whl", hash = "sha256:b5f317a727bba0e633a12e71228bc6a4acb4f471a98b1c003163b917311ea9a9"},
    {file = "mmh3-5.2.0-cp312-cp312-macosx_10_13_universal2.whl", hash = "sha256:384eda9361a7bf83a85e09447e1feafe081034af9dd428893701b959230d84be"},
    {file = "mmh3-5.2.0-cp312-cp312-macosx_10_13_x86_64.whl", hash = "sha256:2c9da0d568569cc87315cb063486d761e38458b8ad513fedd3dc9263e1b81bcd"},
    {file = "mmh3-5.2.0-cp312-cp312-macosx_11_0_arm64.whl", hash = "sha256:86d1be5d63232e6eb93c50881aea55ff06eb86d8e08f9b5417c8c9b10db9db96"},
    {file = "mmh3-5.2.0-cp312-cp312-manylinux1_i686.manylinux_2_28_i686.manylinux_2_5_i686.whl", hash = "sha256:bf7bee43e17e81671c447e9c83499f53d99bf440bc6d9dc26a841e21acfbe094"},
    {file = "mmh3-5.2.0-cp312-cp312-manylinux1_x86_64.manylinux_2_28_x86_64.manylinux_2_5_x86_64.whl", hash = "sha256:7aa18cdb58983ee660c9c400b46272e14fa253c675ed963d3812487f8ca42037"},
    {file = "mmh3-5.2.0-cp312-cp312-manylinux2014_aarch64.manylinux_2_17_aarch64.manylinux_2_28_aarch64.whl", hash = "sha256:ae9d032488fcec32d22be6542d1a836f00247f40f320844dbb361393b5b22773"},
    {file = "mmh3-5.2.0-cp312-cp312-manylinux2014_ppc64le.manylinux_2_17_ppc64le.manylinux_2_28_ppc64le.whl", hash = "sha256:e1861fb6b1d0453ed7293200139c0a9011eeb1376632e048e3766945b13313c5"},
    {file = "mmh3-5.2.0-cp312-cp312-manylinux2014_s390x.manylinux_2_17_s390x.manylinux_2_28_s390x.whl", hash = "sha256:99bb6a4d809aa4e528ddfe2c85dd5239b78b9dd14be62cca0329db78505e7b50"},
    {file = "mmh3-5.2.0-cp312-cp312-musllinux_1_2_aarch64.whl", hash = "sha256:1f8d8b627799f4e2fcc7c034fed8f5f24dc7724ff52f69838a3d6d15f1ad4765"},
    {file = "mmh3-5.2.0-cp312-cp312-musllinux_1_2_i686.whl", hash = "sha256:b5995088dd7023d2d9f310a0c67de5a2b2e06a570ecfd00f9ff4ab94a67cde43"},
    {file = "mmh3-5.2.0-cp312-cp312-musllinux_1_2_ppc64le.whl", hash = "sha256:1a5f4d2e59d6bba8ef01b013c472741835ad961e7c28f50c82b27c57748744a4"},
    {file = "mmh3-5.2.0-cp312-cp312-musllinux_1_2_s390x.whl", hash = "sha256:fd6e6c3d90660d085f7e73710eab6f5545d4854b81b0135a3526e797009dbda3"},
    {file = "mmh3-5.2.0-cp312-cp312-musllinux_1_2_x86_64.whl", hash = "sha256:c4a2f3d83879e3de2eb8cbf562e71563a8ed15ee9b9c2e77ca5d9f73072ac15c"},
    {file = "mmh3-5.2.0-cp312-cp312-win32.whl", hash = "sha256:2421b9d665a0b1ad724ec7332fb5a98d075f50bc51a6ff854f3a1882bd650d49"},
    {file = "mmh3-5.2.0-cp312-cp312-win_amd64.whl", hash = "sha256:72d80005b7634a3a2220f81fbeb94775ebd12794623bb2e1451701ea732b4aa3"},
    {file = "mmh3-5.2.0-cp312-cp312-win_arm64.whl", hash = "sha256:3d6bfd9662a20c054bc216f861fa330c2dac7c81e7fb8307b5e32ab5b9b4d2e0"},
    {file = "mmh3-5.2.0-cp313-cp313-android_21_arm64_v8a.whl", hash = "sha256:e79c00eba78f7258e5b354eccd4d7907d60317ced924ea4a5f2e9d83f5453065"},
    {file = "mmh3-5.2.0-cp313-cp313-android_21_x86_64.whl", hash = "sha256:956127e663d05edbeec54df38885d943dfa27406594c411139690485128525de"},
    {file = "mmh3-5.2.0-cp313-cp313-ios_13_0_arm64_iphoneos.whl", hash = "sha256:c3dca4cb5b946ee91b3d6bb700d137b1cd85c20827f89fdf9c16258253489044"},
    {file = "mmh3-5.2.0-cp313-cp313-ios_13_0_arm64_iphonesimulator.whl", hash = "sha256:e651e17bfde5840e9e4174b01e9e080ce49277b70d424308b36a7969d0d1af73"},
    {file = "mmh3-5.2.0-cp313-cp313-ios_13_0_x86_64_iphonesimulator.whl", hash = "sha256:9f64bf06f4bf623325fda3a6d02d36cd69199b9ace99b04bb2d7fd9f89688504"},
    {file = "mmh3-5.2.0-cp313-cp313-macosx_10_13_universal2.whl", hash = "sha256:ddc63328889bcaee77b743309e5c7d2d52cee0d7d577837c91b6e7cc9e755e0b"},
    {file = "mmh3-5.2.0-cp313-cp313-macosx_10_13_x86_64.whl", hash = "sha256:bb0fdc451fb6d86d81ab8f23d881b8d6e37fc373a2deae1c02d27002d2ad7a05"},
    {file = "mmh3-5.2.0-cp313-cp313-macosx_11_0_arm64.whl", hash = "sha256:b29044e1ffdb84fe164d0a7ea05c7316afea93c00f8ed9449cf357c36fc4f814"},
    {file = "mmh3-5.2.0-cp313-cp313-manylinux1_i686.manylinux_2_28_i686.manylinux_2_5_i686.whl", hash = "sha256:58981d6ea9646dbbf9e59a30890cbf9f610df0e4a57dbfe09215116fd90b0093"},
    {file = "mmh3-5.2.0-cp313-cp313-manylinux1_x86_64.manylinux_2_28_x86_64.manylinux_2_5_x86_64.whl", hash = "sha256:7e5634565367b6d98dc4aa2983703526ef556b3688ba3065edb4b9b90ede1c54"},
    {file = "mmh3-5.2.0-cp313-cp313-manylinux2014_aarch64.manylinux_2_17_aarch64.manylinux_2_28_aarch64.whl", hash = "sha256:b0271ac12415afd3171ab9a3c7cbfc71dee2c68760a7dc9d05bf8ed6ddfa3a7a"},
    {file = "mmh3-5.2.0-cp313-cp313-manylinux2014_ppc64le.manylinux_2_17_ppc64le.manylinux_2_28_ppc64le.whl", hash = "sha256:45b590e31bc552c6f8e2150ff1ad0c28dd151e9f87589e7eaf508fbdd8e8e908"},
    {file = "mmh3-5.2.0-cp313-cp313-manylinux2014_s390x.manylinux_2_17_s390x.manylinux_2_28_s390x.whl", hash = "sha256:bdde97310d59604f2a9119322f61b31546748499a21b44f6715e8ced9308a6c5"},
    {file = "mmh3-5.2.0-cp313-cp313-musllinux_1_2_aarch64.whl", hash = "sha256:fc9c5f280438cf1c1a8f9abb87dc8ce9630a964120cfb5dd50d1e7ce79690c7a"},
    {file = "mmh3-5.2.0-cp313-cp313-musllinux_1_2_i686.whl", hash = "sha256:c903e71fd8debb35ad2a4184c1316b3cb22f64ce517b4e6747f25b0a34e41266"},
    {file = "mmh3-5.2.0-cp313-cp313-musllinux_1_2_ppc64le.whl", hash = "sha256:eed4bba7ff8a0d37106ba931ab03bdd3915fbb025bcf4e1f0aa02bc8114960c5"},
    {file = "mmh3-5.2.0-cp313-cp313-musllinux_1_2_s390x.whl", hash = "sha256:1fdb36b940e9261aff0b5177c5b74a36936b902f473180f6c15bde26143681a9"},
    {file = "mmh3-5.2.0-cp313-cp313-musllinux_1_2_x86_64.whl", hash = "sha256:7303aab41e97adcf010a09efd8f1403e719e59b7705d5e3cfed3dd7571589290"},
    {file = "mmh3-5.2.0-cp313-cp313-win32.whl", hash = "sha256:03e08c6ebaf666ec1e3d6ea657a2d363bb01effd1a9acfe41f9197decaef0051"},
    {file = "mmh3-5.2.0-cp313-cp313-win_amd64.whl", hash = "sha256:7fddccd4113e7b736706e17a239a696332360cbaddf25ae75b57ba1acce65081"},
    {file = "mmh3-5.2.0-cp313-cp313-win_arm64.whl", hash = "sha256:fa0c966ee727aad5406d516375593c5f058c766b21236ab8985693934bb5085b"},
    {file = "mmh3-5.2.0-cp314-cp314-ios_13_0_arm64_iphoneos.whl", hash = "sha256:e5015f0bb6eb50008bed2d4b1ce0f2a294698a926111e4bb202c0987b4f89078"},
    {file = "mmh3-5.2.0-cp314-cp314-ios_13_0_arm64_iphonesimulator.whl", hash = "sha256:e0f3ed828d709f5b82d8bfe14f8856120718ec4bd44a5b26102c3030a1e12501"},
    {file = "mmh3-5.2.0-cp314-cp314-ios_13_0_x86_64_iphonesimulator.whl", hash = "sha256:f35727c5118aba95f0397e18a1a5b8405425581bfe53e821f0fb444cbdc2bc9b"},
    {file = "mmh3-5.2.0-cp314-cp314-macosx_10_13_universal2.whl", hash = "sha256:3bc244802ccab5220008cb712ca1508cb6a12f0eb64ad62997156410579a1770"},
    {file = "mmh3-5.2.0-cp314-cp314-macosx_10_13_x86_64.whl", hash = "sha256:ff3d50dc3fe8a98059f99b445dfb62792b5d006c5e0b8f03c6de2813b8376110"},
    {file = "mmh3-5.2.0-cp314-cp314-macosx_11_0_arm64.whl", hash = "sha256:37a358cc881fe796e099c1db6ce07ff757f088827b4e8467ac52b7a7ffdca647"},
    {file = "mmh3-5.2.0-cp314-cp314-manylinux1_i686.manylinux_2_28_i686.manylinux_2_5_i686.whl", hash = "sha256:b9a87025121d1c448f24f27ff53a5fe7b6ef980574b4a4f11acaabe702420d63"},
    {file = "mmh3-5.2.0-cp314-cp314-manylinux1_x86_64.manylinux_2_28_x86_64.manylinux_2_5_x86_64.whl", hash = "sha256:1ba55d6ca32eeef8b2625e1e4bfc3b3db52bc63014bd7e5df8cc11bf2b036b12"},
    {file = "mmh3-5.2.0-cp314-cp314-manylinux2014_aarch64.manylinux_2_17_aarch64.manylinux_2_28_aarch64.whl", hash = "sha256:c9ff37ba9f15637e424c2ab57a1a590c52897c845b768e4e0a4958084ec87f22"},
    {file = "mmh3-5.2.0-cp314-cp314-manylinux2014_ppc64le.manylinux_2_17_ppc64le.manylinux_2_28_ppc64le.whl", hash = "sha256:a094319ec0db52a04af9fdc391b4d39a1bc72bc8424b47c4411afb05413a44b5"},
    {file = "mmh3-5.2.0-cp314-cp314-manylinux2014_s390x.manylinux_2_17_s390x.manylinux_2_28_s390x.whl", hash = "sha256:c5584061fd3da584659b13587f26c6cad25a096246a481636d64375d0c1f6c07"},
    {file = "mmh3-5.2.0-cp314-cp314-musllinux_1_2_aarch64.whl", hash = "sha256:ecbfc0437ddfdced5e7822d1ce4855c9c64f46819d0fdc4482c53f56c707b935"},
    {file = "mmh3-5.2.0-cp314-cp314-musllinux_1_2_i686.whl", hash = "sha256:7b986d506a8e8ea345791897ba5d8ba0d9d8820cd4fc3e52dbe6de19388de2e7"},
    {file = "mmh3-5.2.0-cp314-cp314-musllinux_1_2_ppc64le.whl", hash = "sha256:38d899a156549da8ef6a9f1d6f7ef231228d29f8f69bce2ee12f5fba6d6fd7c5"},
    {file = "mmh3-5.2.0-cp314-cp314-musllinux_1_2_s390x.whl", hash = "sha256:d86651fa45799530885ba4dab3d21144486ed15285e8784181a0ab37a4552384"},
    {file = "mmh3-5.2.0-cp314-cp314-musllinux_1_2_x86_64.whl", hash = "sha256:c463d7c1c4cfc9d751efeaadd936bbba07b5b0ed81a012b3a9f5a12f0872bd6e"},
    {file = "mmh3-5.2.0-cp314-cp314-win32.whl", hash = "sha256:bb4fe46bdc6104fbc28db7a6bacb115ee6368ff993366bbd8a2a7f0076e6f0c0"},
    {file = "mmh3-5.2.0-cp314-cp314-win_amd64.whl", hash = "sha256:7c7f0b342fd06044bedd0b6e72177ddc0076f54fd89ee239447f8b271d919d9b"},
    {file = "mmh3-5.2.0-cp314-cp314-win_arm64.whl", hash = "sha256:3193752fc05ea72366c2b63ff24b9a190f422e32d75fdeae71087c08fff26115"},
    {file = "mmh3-5.2.0-cp314-cp314t-macosx_10_13_universal2.whl", hash = "sha256:69fc339d7202bea69ef9bd7c39bfdf9fdabc8e6822a01eba62fb43233c1b3932"},
    {file = "mmh3-5.2.0-cp314-cp314t-macosx_10_13_x86_64.whl", hash = "sha256:12da42c0a55c9d86ab566395324213c319c73ecb0c239fad4726324212b9441c"},
    {file = "mmh3-5.2.0-cp314-cp314t-macosx_11_0_arm64.whl", hash = "sha256:f7f9034c7cf05ddfaac8d7a2e63a3c97a840d4615d0a0e65ba8bdf6f8576e3be"},
    {file = "mmh3-5.2.0-cp314-cp314t-manylinux1_i686.manylinux_2_28_i686.manylinux_2_5_i686.whl", hash = "sha256:11730eeb16dfcf9674fdea9bb6b8e6dd9b40813b7eb839bc35113649eef38aeb"},
    {file = "mmh3-5.2.0-cp314-cp314t-manylinux1_x86_64.manylinux_2_28_x86_64.manylinux_2_5_x86_64.whl", hash = "sha256:932a6eec1d2e2c3c9e630d10f7128d80e70e2d47fe6b8c7ea5e1afbd98733e65"},
    {file = "mmh3-5.2.0-cp314-cp314t-manylinux2014_aarch64.manylinux_2_17_aarch64.manylinux_2_28_aarch64.whl", hash = "sha256:3ca975c51c5028947bbcfc24966517aac06a01d6c921e30f7c5383c195f87991"},
    {file = "mmh3-5.2.0-cp314-cp314t-manylinux2014_ppc64le.manylinux_2_17_ppc64le.manylinux_2_28_ppc64le.whl", hash = "sha256:5b0b58215befe0f0e120b828f7645e97719bbba9f23b69e268ed0ac7adde8645"},
    {file = "mmh3-5.2.0-cp314-cp314t-manylinux2014_s390x.manylinux_2_17_s390x.manylinux_2_28_s390x.whl", hash = "sha256:29c2b9ce61886809d0492a274a5a53047742dea0f703f9c4d5d223c3ea6377d3"},
    {file = "mmh3-5.2.0-cp314-cp314t-musllinux_1_2_aarch64.whl", hash = "sha256:a367d4741ac0103f8198c82f429bccb9359f543ca542b06a51f4f0332e8de279"},
    {file = "mmh3-5.2.0-cp314-cp314t-musllinux_1_2_i686.whl", hash = "sha256:5a5dba98e514fb26241868f6eb90a7f7ca0e039aed779342965ce24ea32ba513"},
    {file = "mmh3-5.2.0-cp314-cp314t-musllinux_1_2_ppc64le.whl", hash = "sha256:941603bfd75a46023807511c1ac2f1b0f39cccc393c15039969806063b27e6db"},
    {file = "mmh3-5.2.0-cp314-cp314t-musllinux_1_2_s390x.whl", hash = "sha256:132dd943451a7c7546978863d2f5a64977928410782e1a87d583cb60eb89e667"},
    {file = "mmh3-5.2.0-cp314-cp314t-musllinux_1_2_x86_64.whl", hash = "sha256:f698733a8a494466432d611a8f0d1e026f5286dee051beea4b3c3146817e35d5"},
    {file = "mmh3-5.2.0-cp314-cp314t-win32.whl", hash = "sha256:6d541038b3fc360ec538fc116de87462627944765a6750308118f8b509a8eec7"},
    {file = "mmh3-5.2.0-cp314-cp314t-win_amd64.whl", hash = "sha256:e912b19cf2378f2967d0c08e86ff4c6c360129887f678e27e4dde970d21b3f4d"},
    {file = "mmh3-5.2.0-cp314-cp314t-win_arm64.whl", hash = "sha256:e7884931fe5e788163e7b3c511614130c2c59feffdc21112290a194487efb2e9"},
    {file = "mmh3-5.2.0-cp39-cp39-macosx_10_9_universal2.whl", hash = "sha256:3c6041fd9d5fb5fcac57d5c80f521a36b74aea06b8566431c63e4ffc49aced51"},
    {file = "mmh3-5.2.0-cp39-cp39-macosx_10_9_x86_64.whl", hash = "sha256:58477cf9ef16664d1ce2b038f87d2dc96d70fe50733a34a7f07da6c9a5e3538c"},
    {file = "mmh3-5.2.0-cp39-cp39-macosx_11_0_arm64.whl", hash = "sha256:be7d3dca9358e01dab1bad881fb2b4e8730cec58d36dd44482bc068bfcd3bc65"},
    {file = "mmh3-5.2.0-cp39-cp39-manylinux1_i686.manylinux_2_28_i686.manylinux_2_5_i686.whl", hash = "sha256:931d47e08c9c8a67bf75d82f0ada8399eac18b03388818b62bfa42882d571d72"},
    {file = "mmh3-5.2.0-cp39-cp39-manylinux1_x86_64.manylinux_2_28_x86_64.manylinux_2_5_x86_64.whl", hash = "sha256:dd966df3489ec13848d6c6303429bbace94a153f43d1ae2a55115fd36fd5ca5d"},
    {file = "mmh3-5.2.0-cp39-cp39-manylinux2014_aarch64.manylinux_2_17_aarch64.manylinux_2_28_aarch64.whl", hash = "sha256:c677d78887244bf3095020b73c42b505b700f801c690f8eaa90ad12d3179612f"},
    {file = "mmh3-5.2.0-cp39-cp39-manylinux2014_ppc64le.manylinux_2_17_ppc64le.manylinux_2_28_ppc64le.whl", hash = "sha256:63830f846797187c5d3e2dae50f0848fdc86032f5bfdc58ae352f02f857e9025"},
    {file = "mmh3-5.2.0-cp39-cp39-manylinux2014_s390x.manylinux_2_17_s390x.manylinux_2_28_s390x.whl", hash = "sha256:c3f563e8901960e2eaa64c8e8821895818acabeb41c96f2efbb936f65dbe486c"},
    {file = "mmh3-5.2.0-cp39-cp39-musllinux_1_2_aarch64.whl", hash = "sha256:96f1e1ac44cbb42bcc406e509f70c9af42c594e72ccc7b1257f97554204445f0"},
    {file = "mmh3-5.2.0-cp39-cp39-musllinux_1_2_i686.whl", hash = "sha256:7bbb0df897944b5ec830f3ad883e32c5a7375370a521565f5fe24443bfb2c4f7"},
    {file = "mmh3-5.2.0-cp39-cp39-musllinux_1_2_ppc64le.whl", hash = "sha256:1fae471339ae1b9c641f19cf46dfe6ffd7f64b1fba7c4333b99fa3dd7f21ae0a"},
    {file = "mmh3-5.2.0-cp39-cp39-musllinux_1_2_s390x.whl", hash = "sha256:aa6e5d31fdc5ed9e3e95f9873508615a778fe9b523d52c17fc770a3eb39ab6e4"},
    {file = "mmh3-5.2.0-cp39-cp39-musllinux_1_2_x86_64.whl", hash = "sha256:746a5ee71c6d1103d9b560fa147881b5e68fd35da56e54e03d5acefad0e7c055"},
    {file = "mmh3-5.2.0-cp39-cp39-win32.whl", hash = "sha256:10983c10f5c77683bd845751905ba535ec47409874acc759d5ce3ff7ef34398a"},
    {file = "mmh3-5.2.0-cp39-cp39-win_amd64.whl", hash = "sha256:fdfd3fb739f4e22746e13ad7ba0c6eedf5f454b18d11249724a388868e308ee4"},
    {file = "mmh3-5.2.0-cp39-cp39-win_arm64.whl", hash = "sha256:33576136c06b46a7046b6d83a3d75fbca7d25f84cec743f1ae156362608dc6d2"},
    {file = "mmh3-5.2.0.tar.gz", hash = "sha256:1efc8fec8478e9243a78bb993422cf79f8ff85cb4cf6b79647480a31e0d950a8"},
]

[package.extras]
benchmark = ["pymmh3 (==0.0.5)", "pyperf (==2.9.0)", "xxhash (==3.5.0)"]
docs = ["myst-parser (==4.0.1)", "shibuya (==2025.7.24)", "sphinx (==8.2.3)", "sphinx-copybutton (==0.5.2)"]
lint = ["black (==25.1.0)", "clang-format (==20.1.8)", "isort (==6.0.1)", "pylint (==3.3.7)"]
plot = ["matplotlib (==3.10.3)", "pandas (==2.3.1)"]
test = ["pytest (==8.4.1)", "pytest-sugar (==1.0.0)"]
type = ["mypy (==1.17.0)"]

[[package]]
name = "morphys"
version = "1.0"
description = "Smart conversions between unicode and bytes types for common cases"
optional = false
python-versions = "*"
groups = ["main"]
files = [
    {file = "morphys-1.0-py2.py3-none-any.whl", hash = "sha256:76d6dbaa4d65f597e59d332c81da786d83e4669387b9b2a750cfec74e7beec20"},
]

[[package]]
name = "py-cid"
version = "0.4.0"
description = "Self-describing content-addressed identifiers for distributed systems"
optional = false
python-versions = ">=3.10"
groups = ["main"]
files = [
    {file = "py_cid-0.4.0-py3-none-any.whl", hash = "sha256:6a3183a3088b219dbf3cb37eec7d47a644be3f3ebabdf38347c2e9312621d6cc"},
    {file = "py_cid-0.4.0.tar.gz", hash = "sha256:7c15d6a83f59c3a4c7fbff793f1d4cbfc831e90355fd0e2c5cfe927c21733cc3"},
]

[package.dependencies]
morphys = ">=1.0,<2.0"
py-multibase = ">=1.0.0"
py-multicodec = ">=1.0.0"
py-multihash = ">=3.0.0"

[package.extras]
dev = ["build", "bump_my_version (>=0.19.0)", "codecov (>=2.0.0)", "coverage (>=7.0.0)", "cryptography (>=44.0.1)", "hypothesis (>=6.0.0)", "mypy (>=1.5.0)", "pre-commit (>=3.0.0)", "pyrefly (>=0.17.1,<0.18.0)", "pytest (>=7.0.0)", "pytest-cov (>=4.0.0)", "pytest-runner (>=6.0.0)", "ruff (>=0.1.0)", "sphinx (>=7.0.0)", "towncrier (>=24,<25)", "tox (>=4.0.0)", "twine (>=4.0.0)", "watchdog[watchmedo] (>=3.0.0)", "wheel"]

[[package]]
name = "py-multibase"
version = "2.0.0"
description = "Multibase implementation for Python"
optional = false
python-versions = "<4.0,>=3.10"
groups = ["main"]
files = [
    {file = "py_multibase-2.0.0-py3-none-any.whl", hash = "sha256:b29ce489b556134e73998a11712c406b70950812955df64084754e0774e40900"},
    {file = "py_multibase-2.0.0.tar.gz", hash = "sha256:58c1a264195fa1ae29ea707c6fc8196446f4bdb92e0f9a0f131e0f280b238839"},
]

[package.dependencies]
morphys = ">=1.0,<2.0"
python-baseconv = ">=1.2.0,<2.0"
six = ">=1.10.0,<2.0"

[package.extras]
dev = ["Sphinx (>=5.0.0)", "build (>=0.9.0)", "bump-my-version (>=1.2.0)", "mypy", "pre-commit", "pytest", "pytest-runner", "ruff", "towncrier (>=24,<25)", "tox (>=4.10.0)", "twine", "watchdog (>=3.0.0)", "wheel (>=0.31.0)"]

[[package]]
name = "py-multicodec"
version = "1.0.0"
description = "Multicodec implementation in Python"
optional = false
python-versions = "<4.0,>=3.10"
groups = ["main"]
files = [
    {file = "py_multicodec-1.0.0-py3-none-any.whl", hash = "sha256:ae2e687bac8fdf54e3f5b3feded36b61a304d5e3c3af9438f7481f543ec15b8d"},
    {file = "py_multicodec-1.0.0.tar.gz", hash = "sha256:78e4e3e47b6288cf635c3ca987152e6cb5510bdcdab307e7690c76ec3d5bbfeb"},
]

[package.dependencies]
varint = ">=1.0.2,<2.0.0"

[package.extras]
dev = ["Sphinx (>=5.0.0)", "build (>=0.9.0)", "bump-my-version (>=1.2.0)", "mypy", "pre-commit", "pytest", "pytest-runner", "ruff", "towncrier (>=24,<25)", "tox (>=4.10.0)", "twine", "watchdog (>=3.0.0)", "wheel (>=0.31.0)"]

[[package]]
name = "py-multihash"
version = "3.0.0"
description = "Multihash implementation in Python"
optional = false
python-versions = "<4.0,>=3.10"
groups = ["main"]
files = [
    {file = "py_multihash-3.0.0-py3-none-any.whl", hash = "sha256:3863ec1313b4eac1e5169137c143d40bf77456e57388f839441deba089f87326"},
    {file = "py_multihash-3.0.0.tar.gz", hash = "sha256:2e848941de5ef0533ca26b81940e2ffcf7b4322a3f803e8c97f4f0eca8767aa7"},
]

[package.dependencies]
base58 = ">=1.0.2,<3.0"
blake3 = ">=0.3.0,<2.0"
mmh3 = ">=3.0.0,<6.0"
morphys = ">=1.0,<2.0"
six = ">=1.10.0,<2.0"
varint = ">=1.0.2,<2.0"

[package.extras]
dev = ["Sphinx (>=5.0.0)", "build (>=0.9.0)", "bump-my-version (>=1.2.0)", "mypy", "pre-commit", "pytest", "pytest-cov", "pytest-runner", "ruff", "towncrier (>=24,<25)", "tox (>=4.10.0)", "twine", "watchdog (>=3.0.0)", "wheel (>=0.31.0)"]

[[package]]
name = "python-baseconv"
version = "1.2.2"
description = "Convert numbers from base 10 integers to base X strings and back again."
optional = false
python-versions = "*"
groups = ["main"]
files = [
    {file = "python-baseconv-1.2.2.tar.gz", hash = "sha256:0539f8bd0464013b05ad62e0a1673f0ac9086c76b43ebf9f833053527cd9931b"},
]

[[package]]
name = "six"
version = "1.17.0"
description = "Python 2 and 3 compatibility utilities"
optional = false
python-versions = "!=3.0.*,!=3.1.*,!=3.2.*,>=2.7"
groups = ["main"]
files = [
    {file = "six-1.17.0-py2.py3-none-any.whl", hash = "sha256:4721f391ed90541fddacab5acf947aa0d3dc7d27b2e1e8eda2be8970586c3274"},
    {file = "six-1.17.0.tar.gz", hash = "sha256:ff70335d468e7eb6ec65b95b99d3a2836546063f63acc5171de367e834932a81"},
]

[[package]]
name = "varint"
version = "1.0.2"
description = "Simple python varint implementation"
optional = false
python-versions = "*"
groups = ["main"]
files = [
    {file = "varint-1.0.2.tar.gz", hash = "sha256:a6ecc02377ac5ee9d65a6a8ad45c9ff1dac8ccee19400a5950fb51d594214ca5"},
]

[metadata]
lock-version = "2.1"
python-versions = ">=3.14,<4.0"
content-hash = "cf359ebe71719076b0c4b53a8534e04ad4ff5a4e493a79e853ef81ada7462e49"
